
Microsoft Visual Studio Solution File, Format Version 12.00
# Visual Studio Version 17
VisualStudioVersion = 17.0.31903.59
MinimumVisualStudioVersion = 10.0.40219.1
Project("{2150E333-8FDC-42A3-9474-1A3956D46DE8}") = "src", "src", "{69A75EC8-E4CC-4766-A7FB-0BBFB1A4684D}"
EndProject
Project("{FAE04EC0-301F-11D3-BF4B-00C04F79EFBC}") = "EventPublisherApi", "src\EventPublisherApi\EventPublisherApi.csproj", "{DCFF9F77-4FE8-43E1-9133-6AF4B77B8DF7}"
EndProject
Project("{FAE04EC0-301F-11D3-BF4B-00C04F79EFBC}") = "DeviceStateApi", "src\DeviceStateApi\DeviceStateApi.csproj", "{5CB6403A-E99A-4375-BD63-342D5A4402C8}"
EndProject
Project("{FAE04EC0-301F-11D3-BF4B-00C04F79EFBC}") = "ManagementApi", "src\ManagementApi\ManagementApi.csproj", "{15751048-A38B-4603-9245-89A9D98B6DF7}"
EndProject
Project("{FAE04EC0-301F-11D3-BF4B-00C04F79EFBC}") = "CommonServices", "src\CommonServices\CommonServices.csproj", "{B76F7FF4-0920-45B2-BAA4-8F8833B38BB0}"
EndProject
Project("{FAE04EC0-301F-11D3-BF4B-00C04F79EFBC}") = "Domain", "src\Domain\Domain.csproj", "{6E6E2550-D765-4A0A-AC47-5D75AD39A5CA}"
EndProject
Global
	GlobalSection(SolutionConfigurationPlatforms) = preSolution
		Debug|Any CPU = Debug|Any CPU
		Release|Any CPU = Release|Any CPU
	EndGlobalSection
	GlobalSection(SolutionProperties) = preSolution
		HideSolutionNode = FALSE
	EndGlobalSection
	GlobalSection(ProjectConfigurationPlatforms) = postSolution
		{DCFF9F77-4FE8-43E1-9133-6AF4B77B8DF7}.Debug|Any CPU.ActiveCfg = Debug|Any CPU
		{DCFF9F77-4FE8-43E1-9133-6AF4B77B8DF7}.Debug|Any CPU.Build.0 = Debug|Any CPU
		{DCFF9F77-4FE8-43E1-9133-6AF4B77B8DF7}.Release|Any CPU.ActiveCfg = Release|Any CPU
		{DCFF9F77-4FE8-43E1-9133-6AF4B77B8DF7}.Release|Any CPU.Build.0 = Release|Any CPU
		{5CB6403A-E99A-4375-BD63-342D5A4402C8}.Debug|Any CPU.ActiveCfg = Debug|Any CPU
		{5CB6403A-E99A-4375-BD63-342D5A4402C8}.Debug|Any CPU.Build.0 = Debug|Any CPU
		{5CB6403A-E99A-4375-BD63-342D5A4402C8}.Release|Any CPU.ActiveCfg = Release|Any CPU
		{5CB6403A-E99A-4375-BD63-342D5A4402C8}.Release|Any CPU.Build.0 = Release|Any CPU
		{15751048-A38B-4603-9245-89A9D98B6DF7}.Debug|Any CPU.ActiveCfg = Debug|Any CPU
		{15751048-A38B-4603-9245-89A9D98B6DF7}.Debug|Any CPU.Build.0 = Debug|Any CPU
		{15751048-A38B-4603-9245-89A9D98B6DF7}.Release|Any CPU.ActiveCfg = Release|Any CPU
		{15751048-A38B-4603-9245-89A9D98B6DF7}.Release|Any CPU.Build.0 = Release|Any CPU
		{B76F7FF4-0920-45B2-BAA4-8F8833B38BB0}.Debug|Any CPU.ActiveCfg = Debug|Any CPU
		{B76F7FF4-0920-45B2-BAA4-8F8833B38BB0}.Debug|Any CPU.Build.0 = Debug|Any CPU
		{B76F7FF4-0920-45B2-BAA4-8F8833B38BB0}.Release|Any CPU.ActiveCfg = Release|Any CPU
		{B76F7FF4-0920-45B2-BAA4-8F8833B38BB0}.Release|Any CPU.Build.0 = Release|Any CPU
		{6E6E2550-D765-4A0A-AC47-5D75AD39A5CA}.Debug|Any CPU.ActiveCfg = Debug|Any CPU
		{6E6E2550-D765-4A0A-AC47-5D75AD39A5CA}.Debug|Any CPU.Build.0 = Debug|Any CPU
		{6E6E2550-D765-4A0A-AC47-5D75AD39A5CA}.Release|Any CPU.ActiveCfg = Release|Any CPU
		{6E6E2550-D765-4A0A-AC47-5D75AD39A5CA}.Release|Any CPU.Build.0 = Release|Any CPU
	EndGlobalSection
	GlobalSection(NestedProjects) = preSolution
		{DCFF9F77-4FE8-43E1-9133-6AF4B77B8DF7} = {69A75EC8-E4CC-4766-A7FB-0BBFB1A4684D}
		{5CB6403A-E99A-4375-BD63-342D5A4402C8} = {69A75EC8-E4CC-4766-A7FB-0BBFB1A4684D}
		{15751048-A38B-4603-9245-89A9D98B6DF7} = {69A75EC8-E4CC-4766-A7FB-0BBFB1A4684D}
		{B76F7FF4-0920-45B2-BAA4-8F8833B38BB0} = {69A75EC8-E4CC-4766-A7FB-0BBFB1A4684D}
		{6E6E2550-D765-4A0A-AC47-5D75AD39A5CA} = {69A75EC8-E4CC-4766-A7FB-0BBFB1A4684D}
	EndGlobalSection
EndGlobal
